
Microsoft Visual Studio Solution File, Format Version 12.00
# Visual Studio Version 17
VisualStudioVersion = 17.4.33110.190
MinimumVisualStudioVersion = 10.0.40219.1
Project("{FAE04EC0-301F-11D3-BF4B-00C04F79EFBC}") = "Tools", "Tools.csproj", "{6897CCC9-327B-4A75-8F1A-A9B9CCB1012B}"
EndProject
Global
	GlobalSection(SolutionConfigurationPlatforms) = preSolution
		Debug|Any CPU = Debug|Any CPU
		Release|Any CPU = Release|Any CPU
	EndGlobalSection
	GlobalSection(ProjectConfigurationPlatforms) = postSolution
		{6897CCC9-327B-4A75-8F1A-A9B9CCB1012B}.Debug|Any CPU.ActiveCfg = Debug|Any CPU
		{6897CCC9-327B-4A75-8F1A-A9B9CCB1012B}.Debug|Any CPU.Build.0 = Debug|Any CPU
		{6897CCC9-327B-4A75-8F1A-A9B9CCB1012B}.Release|Any CPU.ActiveCfg = Release|Any CPU
		{6897CCC9-327B-4A75-8F1A-A9B9CCB1012B}.Release|Any CPU.Build.0 = Release|Any CPU
	EndGlobalSection
	GlobalSection(SolutionProperties) = preSolution
		HideSolutionNode = FALSE
	EndGlobalSection
	GlobalSection(ExtensibilityGlobals) = postSolution
		SolutionGuid = {2B9C01D0-FA1B-4D3A-87DC-9A89AA89BD27}
	EndGlobalSection
EndGlobal
